
Microsoft Visual Studio Solution File, Format Version 12.00
# Visual Studio 2013
VisualStudioVersion = 12.0.21005.1
MinimumVisualStudioVersion = 10.0.40219.1
Project("{FAE04EC0-301F-11D3-BF4B-00C04F79EFBC}") = "SystemExpert.WebUI", "SystemExpert.WebUI\SystemExpert.WebUI.csproj", "{66557AF7-04CE-4316-8E18-4FA349B0E7CC}"
EndProject
Project("{FAE04EC0-301F-11D3-BF4B-00C04F79EFBC}") = "SystemExpert.Domain", "SystemExpert.Domain\SystemExpert.Domain.csproj", "{1E44D6B6-8E3A-4090-ABE5-A4EF64095D53}"
EndProject
Global
	GlobalSection(SolutionConfigurationPlatforms) = preSolution
		Debug|Any CPU = Debug|Any CPU
		Release|Any CPU = Release|Any CPU
	EndGlobalSection
	GlobalSection(ProjectConfigurationPlatforms) = postSolution
		{66557AF7-04CE-4316-8E18-4FA349B0E7CC}.Debug|Any CPU.ActiveCfg = Debug|Any CPU
		{66557AF7-04CE-4316-8E18-4FA349B0E7CC}.Debug|Any CPU.Build.0 = Debug|Any CPU
		{66557AF7-04CE-4316-8E18-4FA349B0E7CC}.Release|Any CPU.ActiveCfg = Release|Any CPU
		{66557AF7-04CE-4316-8E18-4FA349B0E7CC}.Release|Any CPU.Build.0 = Release|Any CPU
		{1E44D6B6-8E3A-4090-ABE5-A4EF64095D53}.Debug|Any CPU.ActiveCfg = Debug|Any CPU
		{1E44D6B6-8E3A-4090-ABE5-A4EF64095D53}.Debug|Any CPU.Build.0 = Debug|Any CPU
		{1E44D6B6-8E3A-4090-ABE5-A4EF64095D53}.Release|Any CPU.ActiveCfg = Release|Any CPU
		{1E44D6B6-8E3A-4090-ABE5-A4EF64095D53}.Release|Any CPU.Build.0 = Release|Any CPU
	EndGlobalSection
	GlobalSection(SolutionProperties) = preSolution
		HideSolutionNode = FALSE
	EndGlobalSection
EndGlobal
